<?xml version="1.0" encoding="utf-8"?>
<Project ToolsVersion="4.0" xmlns="http://schemas.microsoft.com/developer/msbuild/2003">
  <ItemGroup>
    <ClCompile Include="Cell.cpp" />
    <ClCompile Include="Constants.cpp" />
    <ClCompile Include="Grid.cpp" />
    <ClCompile Include="Health.cpp" />
    <ClCompile Include="HUD.cpp" />
    <ClCompile Include="Projectile.cpp" />
    <ClCompile Include="Creep.cpp" />
    <ClCompile Include="creep_spawner.cpp" />
    <ClCompile Include="creep_manager.cpp" />
    <ClCompile Include="Drawable.cpp" />
    <ClCompile Include="main.cpp" />
    <ClCompile Include="Hero.cpp" />
    <ClCompile Include="RegenPack.cpp" />
    <ClCompile Include="RGBpixmap.cpp" />
    <ClCompile Include="Scene.cpp" />
    <ClCompile Include="GlobalState.cpp" />
    <ClCompile Include="Shield.cpp" />
    <ClCompile Include="texture_manager.cpp" />
    <ClCompile Include="Util.cpp" />
    <ClCompile Include="Vector2d.cpp" />
    <ClCompile Include="Weapon.cpp" />
    <ClCompile Include="weapon_manager.cpp" />
    <ClCompile Include="Turret.cpp" />
  </ItemGroup>
  <ItemGroup>
    <ClInclude Include="Cell.h" />
    <ClInclude Include="Grid.h" />
    <ClInclude Include="Health.h" />
    <ClInclude Include="HUD.h" />
    <ClInclude Include="Projectile.h" />
    <ClInclude Include="Creep.h" />
    <ClInclude Include="creep_spawner.h" />
    <ClInclude Include="creep_manager.h" />
    <ClInclude Include="Drawable.h" />
    <ClInclude Include="exceptions.h" />
    <ClInclude Include="GlobalState.h" />
    <ClInclude Include="Hero.h" />
    <ClInclude Include="RegenPack.h" />
    <ClInclude Include="RGBpixmap.h" />
    <ClInclude Include="Scene.h" />
    <ClInclude Include="Shield.h" />
    <ClInclude Include="texture_manager.h" />
    <ClInclude Include="Util.h" />
    <ClInclude Include="Vector2d.h" />
    <ClInclude Include="Weapon.h" />
    <ClInclude Include="weapon_manager.h" />
    <ClInclude Include="Turret.h" />
  </ItemGroup>
  <ItemGroup>
    <Image Include="AutoShotgun.bmp" />
    <Image Include="BFG.bmp" />
    <Image Include="FireBombGun.bmp" />
    <Image Include="Flame.bmp" />
    <Image Include="Flamethrower.bmp" />
    <Image Include="GrenadeLauncher.bmp" />
    <Image Include="HUD.bmp" />
    <Image Include="Level1.bmp" />
    <Image Include="MachineGun.bmp" />
    <Image Include="Pistol.bmp" />
    <Image Include="Shotgun.bmp" />
    <Image Include="Spider.bmp" />
  </ItemGroup>
</Project>